
Microsoft Visual Studio Solution File, Format Version 11.00
# Visual Studio 2010
Project("{FAE04EC0-301F-11D3-BF4B-00C04F79EFBC}") = "NavTests", "NavTests\NavTests.csproj", "{C91FA415-9C49-4D24-B7A1-8A838DDCC512}"
EndProject
Project("{FAE04EC0-301F-11D3-BF4B-00C04F79EFBC}") = "NavMvc", "NavMvc\NavMvc.csproj", "{BDB8615D-FD3B-4807-98B9-FF3608520B6D}"
EndProject
Global
	GlobalSection(SolutionConfigurationPlatforms) = preSolution
		Debug|Any CPU = Debug|Any CPU
		Release|Any CPU = Release|Any CPU
	EndGlobalSection
	GlobalSection(ProjectConfigurationPlatforms) = postSolution
		{C91FA415-9C49-4D24-B7A1-8A838DDCC512}.Debug|Any CPU.ActiveCfg = Debug|Any CPU
		{C91FA415-9C49-4D24-B7A1-8A838DDCC512}.Debug|Any CPU.Build.0 = Debug|Any CPU
		{C91FA415-9C49-4D24-B7A1-8A838DDCC512}.Release|Any CPU.ActiveCfg = Release|Any CPU
		{C91FA415-9C49-4D24-B7A1-8A838DDCC512}.Release|Any CPU.Build.0 = Release|Any CPU
		{BDB8615D-FD3B-4807-98B9-FF3608520B6D}.Debug|Any CPU.ActiveCfg = Debug|Any CPU
		{BDB8615D-FD3B-4807-98B9-FF3608520B6D}.Debug|Any CPU.Build.0 = Debug|Any CPU
		{BDB8615D-FD3B-4807-98B9-FF3608520B6D}.Release|Any CPU.ActiveCfg = Release|Any CPU
		{BDB8615D-FD3B-4807-98B9-FF3608520B6D}.Release|Any CPU.Build.0 = Release|Any CPU
	EndGlobalSection
	GlobalSection(SolutionProperties) = preSolution
		HideSolutionNode = FALSE
	EndGlobalSection
EndGlobal
